# THIS IS AN AUTOGENERATED FILE. DO NOT EDIT THIS FILE DIRECTLY.
# yarn lockfile v1


emailjs-com@^2.3.2:
  version "2.3.2"
  resolved "https://registry.yarnpkg.com/emailjs-com/-/emailjs-com-2.3.2.tgz#5da57ff3c6a99b47193f5a1aeaebcb04d0188011"
  integrity sha512-dI6vjLGHDNTOOY0vNx6HZm95ey1aKCtkdOPLC2UYkCgV8QSJCuMY/JlxjXD3BXOvu4X4qn+XCN3DTUz1OiewAg==

jquery@>=1.12.0:
  version "3.3.1"
  resolved "https://registry.yarnpkg.com/jquery/-/jquery-3.3.1.tgz#958ce29e81c9790f31be7792df5d4d95fc57fbca"
  integrity sha512-Ubldcmxp5np52/ENotGxlLe6aGMvmF4R8S6tZjsP6Knsaxd/xp3Zrh50cG93lR6nPXyUFwzN3ZSOQI0wRJNdGg==

lax.js@^1.2.2:
  version "1.2.3"
  resolved "https://registry.yarnpkg.com/lax.js/-/lax.js-1.2.3.tgz#ee19230a20f637f6bfd77281b1aa7a8d62172ad4"
  integrity sha512-997ORcgFcL6Hag1QBe0KbNl9WEtm7okf9fLKvo/hv05CUSWEwsyXAtZLKOqsnbgcaJ6yHZUNtJUzMaplf78Z4w==

toastr@^2.1.4:
  version "2.1.4"
  resolved "https://registry.yarnpkg.com/toastr/-/toastr-2.1.4.tgz#8b43be64fb9d0c414871446f2db8e8ca4e95f181"
  integrity sha1-i0O+ZPudDEFIcURvLbjoyk6V8YE=
  dependencies:
    jquery ">=1.12.0"
